
Microsoft Visual Studio Solution File, Format Version 12.00
# Visual Studio Version 17
VisualStudioVersion = 17.14.36221.1 d17.14
MinimumVisualStudioVersion = 10.0.40219.1
Project("{FAE04EC0-301F-11D3-BF4B-00C04F79EFBC}") = "Kitaplik_Uygulamasi", "Kitaplik_Uygulamasi.csproj", "{311105D3-8ED4-4004-8B8F-1D4CAC41B852}"
EndProject
Global
	GlobalSection(SolutionConfigurationPlatforms) = preSolution
		Debug|Any CPU = Debug|Any CPU
		Release|Any CPU = Release|Any CPU
	EndGlobalSection
	GlobalSection(ProjectConfigurationPlatforms) = postSolution
		{311105D3-8ED4-4004-8B8F-1D4CAC41B852}.Debug|Any CPU.ActiveCfg = Debug|Any CPU
		{311105D3-8ED4-4004-8B8F-1D4CAC41B852}.Debug|Any CPU.Build.0 = Debug|Any CPU
		{311105D3-8ED4-4004-8B8F-1D4CAC41B852}.Release|Any CPU.ActiveCfg = Release|Any CPU
		{311105D3-8ED4-4004-8B8F-1D4CAC41B852}.Release|Any CPU.Build.0 = Release|Any CPU
	EndGlobalSection
	GlobalSection(SolutionProperties) = preSolution
		HideSolutionNode = FALSE
	EndGlobalSection
	GlobalSection(ExtensibilityGlobals) = postSolution
		SolutionGuid = {58746A75-4469-43A6-9731-9D037869D64C}
	EndGlobalSection
EndGlobal
